<?xml version="1.0" encoding="utf-8"?>
<Project ToolsVersion="4.0" xmlns="http://schemas.microsoft.com/developer/msbuild/2003">
  <ItemGroup>
    <Filter Include="Resources">
      <UniqueIdentifier>{4EF56157-6809-4F69-A3AC-8A02E9CC9198}</UniqueIdentifier>
    </Filter>
    <Filter Include="Plugin Kernel">
      <UniqueIdentifier>{9927F47C-02D1-453E-BA9D-D7600E52DAA1}</UniqueIdentifier>
    </Filter>
    <Filter Include="vstgui4">
      <UniqueIdentifier>{344F1AD2-7F6D-4B8C-8DD8-FA4E4379D375}</UniqueIdentifier>
    </Filter>
    <Filter Include="CustomControls">
      <UniqueIdentifier>{8566C262-B15E-4993-9BAC-3AC8B2CF4087}</UniqueIdentifier>
    </Filter>
    <Filter Include="RAFX2 Source">
      <UniqueIdentifier>{530716DA-B641-4F84-8965-5375E8BA606D}</UniqueIdentifier>
    </Filter>
    <Filter Include="Plugin Kernel\Plugin GUI">
      <UniqueIdentifier>{34A35767-8117-4D15-8F85-B9BE62EFE953}</UniqueIdentifier>
    </Filter>
    <Filter Include="Plugin Kernel\Plugin Core">
      <UniqueIdentifier>{CEA8ABA6-A698-42AA-BADB-CC562CAAC832}</UniqueIdentifier>
    </Filter>
    <Filter Include="PluginObjects">
      <UniqueIdentifier>{8C67B51A-B8A3-43A2-8FF9-6C6F19A578FB}</UniqueIdentifier>
    </Filter>
  </ItemGroup>
  <ItemGroup>
    <ClCompile Include="..\RAFX2 Source\RackAFXDLL.cpp">
      <Filter>RAFX2 Source</Filter>
    </ClCompile>
    <ClCompile Include="..\RAFX2 Source\Rafx2Plugin.cpp">
      <Filter>RAFX2 Source</Filter>
    </ClCompile>
    <ClCompile Include="..\..\vstgui4\vstgui\vstgui_uidescription_win32.cpp">
      <Filter>vstgui4</Filter>
    </ClCompile>
    <ClCompile Include="..\..\vstgui4\vstgui\vstgui_win32.cpp">
      <Filter>vstgui4</Filter>
    </ClCompile>
    <ClCompile Include="..\CustomControls\customviews.cpp">
      <Filter>CustomControls</Filter>
    </ClCompile>
    <ClCompile Include="..\RAFX2 Source\Rafx2PluginBase.cpp">
      <Filter>RAFX2 Source</Filter>
    </ClCompile>
    <ClCompile Include="..\CustomControls\customcontrols.cpp">
      <Filter>CustomControls</Filter>
    </ClCompile>
    <ClCompile Include="..\PluginKernel\plugincore.cpp">
      <Filter>Plugin Kernel\Plugin Core</Filter>
    </ClCompile>
    <ClCompile Include="..\PluginKernel\pluginbase.cpp">
      <Filter>Plugin Kernel\Plugin Core</Filter>
    </ClCompile>
    <ClCompile Include="..\PluginKernel\plugingui.cpp">
      <Filter>Plugin Kernel\Plugin GUI</Filter>
    </ClCompile>
    <ClCompile Include="..\PluginKernel\pluginparameter.cpp">
      <Filter>Plugin Kernel\Plugin Core</Filter>
    </ClCompile>
    <ClCompile Include="..\PluginObjects\fxobjects.cpp">
      <Filter>PluginObjects</Filter>
    </ClCompile>
  </ItemGroup>
  <ItemGroup>
    <ClInclude Include="..\RAFX2 Source\RackAFXDLL.h">
      <Filter>RAFX2 Source</Filter>
    </ClInclude>
    <ClInclude Include="..\RAFX2 Source\Rafx2Plugin.h">
      <Filter>RAFX2 Source</Filter>
    </ClInclude>
    <ClInclude Include="..\CustomControls\customviews.h">
      <Filter>CustomControls</Filter>
    </ClInclude>
    <ClInclude Include="..\Resources\resource.h">
      <Filter>Resources</Filter>
    </ClInclude>
    <ClInclude Include="..\RAFX2 Source\Rafx2PluginBase.h">
      <Filter>RAFX2 Source</Filter>
    </ClInclude>
    <ClInclude Include="..\CustomControls\customcontrols.h">
      <Filter>CustomControls</Filter>
    </ClInclude>
    <ClInclude Include="..\PluginKernel\pluginbase.h">
      <Filter>Plugin Kernel\Plugin Core</Filter>
    </ClInclude>
    <ClInclude Include="..\PluginKernel\plugincore.h">
      <Filter>Plugin Kernel\Plugin Core</Filter>
    </ClInclude>
    <ClInclude Include="..\PluginKernel\guiconstants.h">
      <Filter>Plugin Kernel\Plugin GUI</Filter>
    </ClInclude>
    <ClInclude Include="..\PluginKernel\plugindescription.h">
      <Filter>Plugin Kernel\Plugin Core</Filter>
    </ClInclude>
    <ClInclude Include="..\PluginKernel\plugingui.h">
      <Filter>Plugin Kernel\Plugin GUI</Filter>
    </ClInclude>
    <ClInclude Include="..\PluginKernel\pluginstructures.h">
      <Filter>Plugin Kernel\Plugin Core</Filter>
    </ClInclude>
    <ClInclude Include="..\PluginKernel\pluginparameter.h">
      <Filter>Plugin Kernel\Plugin Core</Filter>
    </ClInclude>
    <ClInclude Include="..\PluginObjects\fxobjects.h">
      <Filter>PluginObjects</Filter>
    </ClInclude>
    <ClInclude Include="..\PluginObjects\filters.h">
      <Filter>PluginObjects</Filter>
    </ClInclude>
    <ClInclude Include="..\CustomControls\atomicops.h">
      <Filter>CustomControls</Filter>
    </ClInclude>
    <ClInclude Include="..\CustomControls\readerwriterqueue.h">
      <Filter>CustomControls</Filter>
    </ClInclude>
    <ClInclude Include="..\PluginObjects\RE201.h">
      <Filter>PluginObjects</Filter>
    </ClInclude>
    <ClInclude Include="..\PluginObjects\superlfo.h">
      <Filter>PluginObjects</Filter>
    </ClInclude>
    <ClInclude Include="..\PluginObjects\volumepanman.h">
      <Filter>PluginObjects</Filter>
    </ClInclude>
  </ItemGroup>
  <ItemGroup>
    <None Include="..\Resources\PluginGUI.uidesc">
      <Filter>Resources</Filter>
    </None>
  </ItemGroup>
  <ItemGroup>
    <ResourceCompile Include="PluginGUIMain.rc">
      <Filter>Resources</Filter>
    </ResourceCompile>
  </ItemGroup>
</Project>